
Microsoft Visual Studio Solution File, Format Version 12.00
# Visual Studio Version 17
VisualStudioVersion = 17.3.32811.315
MinimumVisualStudioVersion = 10.0.40219.1
Project("{9A19103F-16F7-4668-BE54-9A1E7A4F7556}") = "MessagingService.API", "MessagingService.API\MessagingService.API.csproj", "{BB5E0B2C-F50A-4B23-ADFE-233F3930C75F}"
EndProject
Project("{9A19103F-16F7-4668-BE54-9A1E7A4F7556}") = "MessagingService.DAL", "MessagingService.DAL\MessagingService.DAL.csproj", "{9B0DB2FB-9828-44B7-A86B-CA25A992B691}"
EndProject
Project("{9A19103F-16F7-4668-BE54-9A1E7A4F7556}") = "MessagingService.Entity", "MessagingService.Entity\MessagingService.Entity.csproj", "{0E2996D0-9992-4276-82F5-8DC648D821C5}"
EndProject
Project("{9A19103F-16F7-4668-BE54-9A1E7A4F7556}") = "MessagingService.BLL", "MessagingService.BLL\MessagingService.BLL.csproj", "{3D0BD25F-A19D-4C18-9C09-670EDCC6D3A6}"
EndProject
Project("{E53339B2-1760-4266-BCC7-CA923CBCF16C}") = "docker-compose", "docker-compose.dcproj", "{F6FF3B7A-8BE6-4DBF-9F78-D9CD7CC9515F}"
EndProject
Global
	GlobalSection(SolutionConfigurationPlatforms) = preSolution
		Debug|Any CPU = Debug|Any CPU
		Release|Any CPU = Release|Any CPU
	EndGlobalSection
	GlobalSection(ProjectConfigurationPlatforms) = postSolution
		{BB5E0B2C-F50A-4B23-ADFE-233F3930C75F}.Debug|Any CPU.ActiveCfg = Debug|Any CPU
		{BB5E0B2C-F50A-4B23-ADFE-233F3930C75F}.Debug|Any CPU.Build.0 = Debug|Any CPU
		{BB5E0B2C-F50A-4B23-ADFE-233F3930C75F}.Release|Any CPU.ActiveCfg = Release|Any CPU
		{BB5E0B2C-F50A-4B23-ADFE-233F3930C75F}.Release|Any CPU.Build.0 = Release|Any CPU
		{9B0DB2FB-9828-44B7-A86B-CA25A992B691}.Debug|Any CPU.ActiveCfg = Debug|Any CPU
		{9B0DB2FB-9828-44B7-A86B-CA25A992B691}.Debug|Any CPU.Build.0 = Debug|Any CPU
		{9B0DB2FB-9828-44B7-A86B-CA25A992B691}.Release|Any CPU.ActiveCfg = Release|Any CPU
		{9B0DB2FB-9828-44B7-A86B-CA25A992B691}.Release|Any CPU.Build.0 = Release|Any CPU
		{0E2996D0-9992-4276-82F5-8DC648D821C5}.Debug|Any CPU.ActiveCfg = Debug|Any CPU
		{0E2996D0-9992-4276-82F5-8DC648D821C5}.Debug|Any CPU.Build.0 = Debug|Any CPU
		{0E2996D0-9992-4276-82F5-8DC648D821C5}.Release|Any CPU.ActiveCfg = Release|Any CPU
		{0E2996D0-9992-4276-82F5-8DC648D821C5}.Release|Any CPU.Build.0 = Release|Any CPU
		{3D0BD25F-A19D-4C18-9C09-670EDCC6D3A6}.Debug|Any CPU.ActiveCfg = Debug|Any CPU
		{3D0BD25F-A19D-4C18-9C09-670EDCC6D3A6}.Debug|Any CPU.Build.0 = Debug|Any CPU
		{3D0BD25F-A19D-4C18-9C09-670EDCC6D3A6}.Release|Any CPU.ActiveCfg = Release|Any CPU
		{3D0BD25F-A19D-4C18-9C09-670EDCC6D3A6}.Release|Any CPU.Build.0 = Release|Any CPU
		{F6FF3B7A-8BE6-4DBF-9F78-D9CD7CC9515F}.Debug|Any CPU.ActiveCfg = Debug|Any CPU
		{F6FF3B7A-8BE6-4DBF-9F78-D9CD7CC9515F}.Debug|Any CPU.Build.0 = Debug|Any CPU
		{F6FF3B7A-8BE6-4DBF-9F78-D9CD7CC9515F}.Release|Any CPU.ActiveCfg = Release|Any CPU
		{F6FF3B7A-8BE6-4DBF-9F78-D9CD7CC9515F}.Release|Any CPU.Build.0 = Release|Any CPU
	EndGlobalSection
	GlobalSection(SolutionProperties) = preSolution
		HideSolutionNode = FALSE
	EndGlobalSection
	GlobalSection(ExtensibilityGlobals) = postSolution
		SolutionGuid = {7776683F-5B9B-4DD7-8974-7B903B8206E6}
	EndGlobalSection
EndGlobal
